schema: '2.0'
stages:
  preprocess:
    cmd: python src/preprocess.py
    deps:
    - path: data/raw/data.csv
      hash: md5
      md5: 13def109e8acaf374f95c25af157680b
      size: 23869
    - path: src/preprocess.py
      hash: md5
      md5: 49113ef869fed7fd5c159efb34b25658
      size: 1032
    outs:
    - path: data/processed/current.csv
      hash: md5
      md5: 027303a24d8011c07d2c28c661cb1c1a
      size: 7255
    - path: data/processed/reference.csv
      hash: md5
      md5: c46384e405cd6a17e03005ac57fdb076
      size: 16810
  train:
    cmd: python src/train.py
    deps:
    - path: data/processed/reference.csv
      hash: md5
      md5: c46384e405cd6a17e03005ac57fdb076
      size: 16810
    - path: src/train.py
      hash: md5
      md5: 26cff01f9774b8da82420b05a0c1f0e9
      size: 2954
    outs:
    - path: models/model.pkl
      hash: md5
      md5: 8e3919f5274b34e29980f394bc5ed034
      size: 764842
  evaluate:
    cmd: python src/evaluate.py
    deps:
    - path: data/raw/data.csv
      hash: md5
      md5: 13def109e8acaf374f95c25af157680b
      size: 23869
    - path: models/model.pkl
      hash: md5
      md5: 281d6ebeea93df0b500ca528548490e4
      size: 2799502
    - path: src/evaluate.py
      hash: md5
      md5: 6b2b24b35e5dc8a5f14d325d41c67952
      size: 1147
